
Microsoft Visual Studio Solution File, Format Version 12.00
# Visual Studio 2012
Project("{FAE04EC0-301F-11D3-BF4B-00C04F79EFBC}") = "Linq2SqlConcepts", "Linq2SqlConcepts\Linq2SqlConcepts.csproj", "{1C1DED70-A790-4611-B780-D35F03D28A40}"
EndProject
Global
	GlobalSection(SolutionConfigurationPlatforms) = preSolution
		Debug|Any CPU = Debug|Any CPU
		Release|Any CPU = Release|Any CPU
	EndGlobalSection
	GlobalSection(ProjectConfigurationPlatforms) = postSolution
		{1C1DED70-A790-4611-B780-D35F03D28A40}.Debug|Any CPU.ActiveCfg = Debug|Any CPU
		{1C1DED70-A790-4611-B780-D35F03D28A40}.Debug|Any CPU.Build.0 = Debug|Any CPU
		{1C1DED70-A790-4611-B780-D35F03D28A40}.Release|Any CPU.ActiveCfg = Release|Any CPU
		{1C1DED70-A790-4611-B780-D35F03D28A40}.Release|Any CPU.Build.0 = Release|Any CPU
	EndGlobalSection
	GlobalSection(SolutionProperties) = preSolution
		HideSolutionNode = FALSE
	EndGlobalSection
EndGlobal
